
Microsoft Visual Studio Solution File, Format Version 12.00
# Visual Studio Version 17
VisualStudioVersion = 17.13.35806.99 d17.13
MinimumVisualStudioVersion = 10.0.40219.1
Project("{FAE04EC0-301F-11D3-BF4B-00C04F79EFBC}") = "Task1_Range", "Task1_Range\Task1_Range.csproj", "{43E2D163-5D95-4A8D-9B68-FCD163AA0F28}"
EndProject
Project("{FAE04EC0-301F-11D3-BF4B-00C04F79EFBC}") = "Task2_RangeDifficult", "Task2_RangeDifficult\Task2_RangeDifficult.csproj", "{99019434-CE07-45F8-9847-9112F3CD72A5}"
EndProject
Global
	GlobalSection(SolutionConfigurationPlatforms) = preSolution
		Debug|Any CPU = Debug|Any CPU
		Release|Any CPU = Release|Any CPU
	EndGlobalSection
	GlobalSection(ProjectConfigurationPlatforms) = postSolution
		{43E2D163-5D95-4A8D-9B68-FCD163AA0F28}.Debug|Any CPU.ActiveCfg = Debug|Any CPU
		{43E2D163-5D95-4A8D-9B68-FCD163AA0F28}.Debug|Any CPU.Build.0 = Debug|Any CPU
		{43E2D163-5D95-4A8D-9B68-FCD163AA0F28}.Release|Any CPU.ActiveCfg = Release|Any CPU
		{43E2D163-5D95-4A8D-9B68-FCD163AA0F28}.Release|Any CPU.Build.0 = Release|Any CPU
		{99019434-CE07-45F8-9847-9112F3CD72A5}.Debug|Any CPU.ActiveCfg = Debug|Any CPU
		{99019434-CE07-45F8-9847-9112F3CD72A5}.Debug|Any CPU.Build.0 = Debug|Any CPU
		{99019434-CE07-45F8-9847-9112F3CD72A5}.Release|Any CPU.ActiveCfg = Release|Any CPU
		{99019434-CE07-45F8-9847-9112F3CD72A5}.Release|Any CPU.Build.0 = Release|Any CPU
	EndGlobalSection
	GlobalSection(SolutionProperties) = preSolution
		HideSolutionNode = FALSE
	EndGlobalSection
	GlobalSection(ExtensibilityGlobals) = postSolution
		SolutionGuid = {8E18CC5E-8A98-4D57-A332-9030A69F48FE}
	EndGlobalSection
EndGlobal
